
Microsoft Visual Studio Solution File, Format Version 11.00
# Visual Studio 2010
Project("{FAE04EC0-301F-11D3-BF4B-00C04F79EFBC}") = "Inv.BusinessEntities", "Inv.BusinessEntities\Inv.BusinessEntities.csproj", "{FC35BF50-F5C9-490B-974A-1BB73C3C108A}"
EndProject
Project("{FAE04EC0-301F-11D3-BF4B-00C04F79EFBC}") = "Inv.DataAccess", "Inv.DataAccess\Inv.DataAccess.csproj", "{5B9B152C-0249-45D1-A2AA-642625BB28BE}"
EndProject
Project("{FAE04EC0-301F-11D3-BF4B-00C04F79EFBC}") = "Inv.BusinessLogic", "Inv.BusinessLogic\Inv.BusinessLogic.csproj", "{00E8EE55-698C-46BF-ADBB-46CD9B4AB5F6}"
EndProject
Project("{FAE04EC0-301F-11D3-BF4B-00C04F79EFBC}") = "Prod.UI.Web", "Prod.UI.Web\Prod.UI.Web.csproj", "{4B3A47EF-B747-4EE3-88B7-2A1C4719DBF6}"
EndProject
Global
	GlobalSection(SolutionConfigurationPlatforms) = preSolution
		CD_ROM|Any CPU = CD_ROM|Any CPU
		CD_ROM|Mixed Platforms = CD_ROM|Mixed Platforms
		CD_ROM|x64 = CD_ROM|x64
		CD_ROM|x86 = CD_ROM|x86
		Debug|Any CPU = Debug|Any CPU
		Debug|Mixed Platforms = Debug|Mixed Platforms
		Debug|x64 = Debug|x64
		Debug|x86 = Debug|x86
		DVD-5|Any CPU = DVD-5|Any CPU
		DVD-5|Mixed Platforms = DVD-5|Mixed Platforms
		DVD-5|x64 = DVD-5|x64
		DVD-5|x86 = DVD-5|x86
		Release|Any CPU = Release|Any CPU
		Release|Mixed Platforms = Release|Mixed Platforms
		Release|x64 = Release|x64
		Release|x86 = Release|x86
		SingleImage|Any CPU = SingleImage|Any CPU
		SingleImage|Mixed Platforms = SingleImage|Mixed Platforms
		SingleImage|x64 = SingleImage|x64
		SingleImage|x86 = SingleImage|x86
	EndGlobalSection
	GlobalSection(ProjectConfigurationPlatforms) = postSolution
		{FC35BF50-F5C9-490B-974A-1BB73C3C108A}.CD_ROM|Any CPU.ActiveCfg = Release|Any CPU
		{FC35BF50-F5C9-490B-974A-1BB73C3C108A}.CD_ROM|Any CPU.Build.0 = Release|Any CPU
		{FC35BF50-F5C9-490B-974A-1BB73C3C108A}.CD_ROM|Mixed Platforms.ActiveCfg = Release|Any CPU
		{FC35BF50-F5C9-490B-974A-1BB73C3C108A}.CD_ROM|Mixed Platforms.Build.0 = Release|Any CPU
		{FC35BF50-F5C9-490B-974A-1BB73C3C108A}.CD_ROM|x64.ActiveCfg = Release|Any CPU
		{FC35BF50-F5C9-490B-974A-1BB73C3C108A}.CD_ROM|x86.ActiveCfg = Release|Any CPU
		{FC35BF50-F5C9-490B-974A-1BB73C3C108A}.Debug|Any CPU.ActiveCfg = Debug|Any CPU
		{FC35BF50-F5C9-490B-974A-1BB73C3C108A}.Debug|Any CPU.Build.0 = Debug|Any CPU
		{FC35BF50-F5C9-490B-974A-1BB73C3C108A}.Debug|Mixed Platforms.ActiveCfg = Debug|Any CPU
		{FC35BF50-F5C9-490B-974A-1BB73C3C108A}.Debug|Mixed Platforms.Build.0 = Debug|Any CPU
		{FC35BF50-F5C9-490B-974A-1BB73C3C108A}.Debug|x64.ActiveCfg = Debug|Any CPU
		{FC35BF50-F5C9-490B-974A-1BB73C3C108A}.Debug|x86.ActiveCfg = Debug|Any CPU
		{FC35BF50-F5C9-490B-974A-1BB73C3C108A}.DVD-5|Any CPU.ActiveCfg = Debug|Any CPU
		{FC35BF50-F5C9-490B-974A-1BB73C3C108A}.DVD-5|Any CPU.Build.0 = Debug|Any CPU
		{FC35BF50-F5C9-490B-974A-1BB73C3C108A}.DVD-5|Mixed Platforms.ActiveCfg = Debug|Any CPU
		{FC35BF50-F5C9-490B-974A-1BB73C3C108A}.DVD-5|Mixed Platforms.Build.0 = Debug|Any CPU
		{FC35BF50-F5C9-490B-974A-1BB73C3C108A}.DVD-5|x64.ActiveCfg = Debug|Any CPU
		{FC35BF50-F5C9-490B-974A-1BB73C3C108A}.DVD-5|x86.ActiveCfg = Debug|Any CPU
		{FC35BF50-F5C9-490B-974A-1BB73C3C108A}.Release|Any CPU.ActiveCfg = Release|Any CPU
		{FC35BF50-F5C9-490B-974A-1BB73C3C108A}.Release|Any CPU.Build.0 = Release|Any CPU
		{FC35BF50-F5C9-490B-974A-1BB73C3C108A}.Release|Mixed Platforms.ActiveCfg = Release|Any CPU
		{FC35BF50-F5C9-490B-974A-1BB73C3C108A}.Release|Mixed Platforms.Build.0 = Release|Any CPU
		{FC35BF50-F5C9-490B-974A-1BB73C3C108A}.Release|x64.ActiveCfg = Release|Any CPU
		{FC35BF50-F5C9-490B-974A-1BB73C3C108A}.Release|x86.ActiveCfg = Release|Any CPU
		{FC35BF50-F5C9-490B-974A-1BB73C3C108A}.SingleImage|Any CPU.ActiveCfg = Release|Any CPU
		{FC35BF50-F5C9-490B-974A-1BB73C3C108A}.SingleImage|Any CPU.Build.0 = Release|Any CPU
		{FC35BF50-F5C9-490B-974A-1BB73C3C108A}.SingleImage|Mixed Platforms.ActiveCfg = Release|Any CPU
		{FC35BF50-F5C9-490B-974A-1BB73C3C108A}.SingleImage|Mixed Platforms.Build.0 = Release|Any CPU
		{FC35BF50-F5C9-490B-974A-1BB73C3C108A}.SingleImage|x64.ActiveCfg = Release|Any CPU
		{FC35BF50-F5C9-490B-974A-1BB73C3C108A}.SingleImage|x86.ActiveCfg = Release|Any CPU
		{5B9B152C-0249-45D1-A2AA-642625BB28BE}.CD_ROM|Any CPU.ActiveCfg = Release|Any CPU
		{5B9B152C-0249-45D1-A2AA-642625BB28BE}.CD_ROM|Any CPU.Build.0 = Release|Any CPU
		{5B9B152C-0249-45D1-A2AA-642625BB28BE}.CD_ROM|Mixed Platforms.ActiveCfg = Release|Any CPU
		{5B9B152C-0249-45D1-A2AA-642625BB28BE}.CD_ROM|Mixed Platforms.Build.0 = Release|Any CPU
		{5B9B152C-0249-45D1-A2AA-642625BB28BE}.CD_ROM|x64.ActiveCfg = Release|Any CPU
		{5B9B152C-0249-45D1-A2AA-642625BB28BE}.CD_ROM|x86.ActiveCfg = Release|Any CPU
		{5B9B152C-0249-45D1-A2AA-642625BB28BE}.Debug|Any CPU.ActiveCfg = Debug|Any CPU
		{5B9B152C-0249-45D1-A2AA-642625BB28BE}.Debug|Any CPU.Build.0 = Debug|Any CPU
		{5B9B152C-0249-45D1-A2AA-642625BB28BE}.Debug|Mixed Platforms.ActiveCfg = Debug|Any CPU
		{5B9B152C-0249-45D1-A2AA-642625BB28BE}.Debug|Mixed Platforms.Build.0 = Debug|Any CPU
		{5B9B152C-0249-45D1-A2AA-642625BB28BE}.Debug|x64.ActiveCfg = Debug|Any CPU
		{5B9B152C-0249-45D1-A2AA-642625BB28BE}.Debug|x86.ActiveCfg = Debug|Any CPU
		{5B9B152C-0249-45D1-A2AA-642625BB28BE}.DVD-5|Any CPU.ActiveCfg = Debug|Any CPU
		{5B9B152C-0249-45D1-A2AA-642625BB28BE}.DVD-5|Any CPU.Build.0 = Debug|Any CPU
		{5B9B152C-0249-45D1-A2AA-642625BB28BE}.DVD-5|Mixed Platforms.ActiveCfg = Debug|Any CPU
		{5B9B152C-0249-45D1-A2AA-642625BB28BE}.DVD-5|Mixed Platforms.Build.0 = Debug|Any CPU
		{5B9B152C-0249-45D1-A2AA-642625BB28BE}.DVD-5|x64.ActiveCfg = Debug|Any CPU
		{5B9B152C-0249-45D1-A2AA-642625BB28BE}.DVD-5|x86.ActiveCfg = Debug|Any CPU
		{5B9B152C-0249-45D1-A2AA-642625BB28BE}.Release|Any CPU.ActiveCfg = Release|Any CPU
		{5B9B152C-0249-45D1-A2AA-642625BB28BE}.Release|Any CPU.Build.0 = Release|Any CPU
		{5B9B152C-0249-45D1-A2AA-642625BB28BE}.Release|Mixed Platforms.ActiveCfg = Release|Any CPU
		{5B9B152C-0249-45D1-A2AA-642625BB28BE}.Release|Mixed Platforms.Build.0 = Release|Any CPU
		{5B9B152C-0249-45D1-A2AA-642625BB28BE}.Release|x64.ActiveCfg = Release|Any CPU
		{5B9B152C-0249-45D1-A2AA-642625BB28BE}.Release|x86.ActiveCfg = Release|Any CPU
		{5B9B152C-0249-45D1-A2AA-642625BB28BE}.SingleImage|Any CPU.ActiveCfg = Release|Any CPU
		{5B9B152C-0249-45D1-A2AA-642625BB28BE}.SingleImage|Any CPU.Build.0 = Release|Any CPU
		{5B9B152C-0249-45D1-A2AA-642625BB28BE}.SingleImage|Mixed Platforms.ActiveCfg = Release|Any CPU
		{5B9B152C-0249-45D1-A2AA-642625BB28BE}.SingleImage|Mixed Platforms.Build.0 = Release|Any CPU
		{5B9B152C-0249-45D1-A2AA-642625BB28BE}.SingleImage|x64.ActiveCfg = Release|Any CPU
		{5B9B152C-0249-45D1-A2AA-642625BB28BE}.SingleImage|x86.ActiveCfg = Release|Any CPU
		{00E8EE55-698C-46BF-ADBB-46CD9B4AB5F6}.CD_ROM|Any CPU.ActiveCfg = Release|Any CPU
		{00E8EE55-698C-46BF-ADBB-46CD9B4AB5F6}.CD_ROM|Any CPU.Build.0 = Release|Any CPU
		{00E8EE55-698C-46BF-ADBB-46CD9B4AB5F6}.CD_ROM|Mixed Platforms.ActiveCfg = Release|Any CPU
		{00E8EE55-698C-46BF-ADBB-46CD9B4AB5F6}.CD_ROM|Mixed Platforms.Build.0 = Release|Any CPU
		{00E8EE55-698C-46BF-ADBB-46CD9B4AB5F6}.CD_ROM|x64.ActiveCfg = Release|Any CPU
		{00E8EE55-698C-46BF-ADBB-46CD9B4AB5F6}.CD_ROM|x86.ActiveCfg = Release|Any CPU
		{00E8EE55-698C-46BF-ADBB-46CD9B4AB5F6}.Debug|Any CPU.ActiveCfg = Debug|Any CPU
		{00E8EE55-698C-46BF-ADBB-46CD9B4AB5F6}.Debug|Any CPU.Build.0 = Debug|Any CPU
		{00E8EE55-698C-46BF-ADBB-46CD9B4AB5F6}.Debug|Mixed Platforms.ActiveCfg = Debug|Any CPU
		{00E8EE55-698C-46BF-ADBB-46CD9B4AB5F6}.Debug|Mixed Platforms.Build.0 = Debug|Any CPU
		{00E8EE55-698C-46BF-ADBB-46CD9B4AB5F6}.Debug|x64.ActiveCfg = Debug|Any CPU
		{00E8EE55-698C-46BF-ADBB-46CD9B4AB5F6}.Debug|x86.ActiveCfg = Debug|Any CPU
		{00E8EE55-698C-46BF-ADBB-46CD9B4AB5F6}.DVD-5|Any CPU.ActiveCfg = Debug|Any CPU
		{00E8EE55-698C-46BF-ADBB-46CD9B4AB5F6}.DVD-5|Any CPU.Build.0 = Debug|Any CPU
		{00E8EE55-698C-46BF-ADBB-46CD9B4AB5F6}.DVD-5|Mixed Platforms.ActiveCfg = Debug|Any CPU
		{00E8EE55-698C-46BF-ADBB-46CD9B4AB5F6}.DVD-5|Mixed Platforms.Build.0 = Debug|Any CPU
		{00E8EE55-698C-46BF-ADBB-46CD9B4AB5F6}.DVD-5|x64.ActiveCfg = Debug|Any CPU
		{00E8EE55-698C-46BF-ADBB-46CD9B4AB5F6}.DVD-5|x86.ActiveCfg = Debug|Any CPU
		{00E8EE55-698C-46BF-ADBB-46CD9B4AB5F6}.Release|Any CPU.ActiveCfg = Release|Any CPU
		{00E8EE55-698C-46BF-ADBB-46CD9B4AB5F6}.Release|Any CPU.Build.0 = Release|Any CPU
		{00E8EE55-698C-46BF-ADBB-46CD9B4AB5F6}.Release|Mixed Platforms.ActiveCfg = Release|Any CPU
		{00E8EE55-698C-46BF-ADBB-46CD9B4AB5F6}.Release|Mixed Platforms.Build.0 = Release|Any CPU
		{00E8EE55-698C-46BF-ADBB-46CD9B4AB5F6}.Release|x64.ActiveCfg = Release|Any CPU
		{00E8EE55-698C-46BF-ADBB-46CD9B4AB5F6}.Release|x86.ActiveCfg = Release|Any CPU
		{00E8EE55-698C-46BF-ADBB-46CD9B4AB5F6}.SingleImage|Any CPU.ActiveCfg = Release|Any CPU
		{00E8EE55-698C-46BF-ADBB-46CD9B4AB5F6}.SingleImage|Any CPU.Build.0 = Release|Any CPU
		{00E8EE55-698C-46BF-ADBB-46CD9B4AB5F6}.SingleImage|Mixed Platforms.ActiveCfg = Release|Any CPU
		{00E8EE55-698C-46BF-ADBB-46CD9B4AB5F6}.SingleImage|Mixed Platforms.Build.0 = Release|Any CPU
		{00E8EE55-698C-46BF-ADBB-46CD9B4AB5F6}.SingleImage|x64.ActiveCfg = Release|Any CPU
		{00E8EE55-698C-46BF-ADBB-46CD9B4AB5F6}.SingleImage|x86.ActiveCfg = Release|Any CPU
		{4B3A47EF-B747-4EE3-88B7-2A1C4719DBF6}.CD_ROM|Any CPU.ActiveCfg = Release|Any CPU
		{4B3A47EF-B747-4EE3-88B7-2A1C4719DBF6}.CD_ROM|Any CPU.Build.0 = Release|Any CPU
		{4B3A47EF-B747-4EE3-88B7-2A1C4719DBF6}.CD_ROM|Mixed Platforms.ActiveCfg = Release|Any CPU
		{4B3A47EF-B747-4EE3-88B7-2A1C4719DBF6}.CD_ROM|Mixed Platforms.Build.0 = Release|Any CPU
		{4B3A47EF-B747-4EE3-88B7-2A1C4719DBF6}.CD_ROM|x64.ActiveCfg = Release|Any CPU
		{4B3A47EF-B747-4EE3-88B7-2A1C4719DBF6}.CD_ROM|x86.ActiveCfg = Release|Any CPU
		{4B3A47EF-B747-4EE3-88B7-2A1C4719DBF6}.Debug|Any CPU.ActiveCfg = Debug|Any CPU
		{4B3A47EF-B747-4EE3-88B7-2A1C4719DBF6}.Debug|Any CPU.Build.0 = Debug|Any CPU
		{4B3A47EF-B747-4EE3-88B7-2A1C4719DBF6}.Debug|Mixed Platforms.ActiveCfg = Debug|Any CPU
		{4B3A47EF-B747-4EE3-88B7-2A1C4719DBF6}.Debug|Mixed Platforms.Build.0 = Debug|Any CPU
		{4B3A47EF-B747-4EE3-88B7-2A1C4719DBF6}.Debug|x64.ActiveCfg = Debug|Any CPU
		{4B3A47EF-B747-4EE3-88B7-2A1C4719DBF6}.Debug|x86.ActiveCfg = Debug|Any CPU
		{4B3A47EF-B747-4EE3-88B7-2A1C4719DBF6}.DVD-5|Any CPU.ActiveCfg = Debug|Any CPU
		{4B3A47EF-B747-4EE3-88B7-2A1C4719DBF6}.DVD-5|Any CPU.Build.0 = Debug|Any CPU
		{4B3A47EF-B747-4EE3-88B7-2A1C4719DBF6}.DVD-5|Mixed Platforms.ActiveCfg = Debug|Any CPU
		{4B3A47EF-B747-4EE3-88B7-2A1C4719DBF6}.DVD-5|Mixed Platforms.Build.0 = Debug|Any CPU
		{4B3A47EF-B747-4EE3-88B7-2A1C4719DBF6}.DVD-5|x64.ActiveCfg = Debug|Any CPU
		{4B3A47EF-B747-4EE3-88B7-2A1C4719DBF6}.DVD-5|x86.ActiveCfg = Debug|Any CPU
		{4B3A47EF-B747-4EE3-88B7-2A1C4719DBF6}.Release|Any CPU.ActiveCfg = Release|Any CPU
		{4B3A47EF-B747-4EE3-88B7-2A1C4719DBF6}.Release|Any CPU.Build.0 = Release|Any CPU
		{4B3A47EF-B747-4EE3-88B7-2A1C4719DBF6}.Release|Mixed Platforms.ActiveCfg = Release|Any CPU
		{4B3A47EF-B747-4EE3-88B7-2A1C4719DBF6}.Release|Mixed Platforms.Build.0 = Release|Any CPU
		{4B3A47EF-B747-4EE3-88B7-2A1C4719DBF6}.Release|x64.ActiveCfg = Release|Any CPU
		{4B3A47EF-B747-4EE3-88B7-2A1C4719DBF6}.Release|x86.ActiveCfg = Release|Any CPU
		{4B3A47EF-B747-4EE3-88B7-2A1C4719DBF6}.SingleImage|Any CPU.ActiveCfg = Release|Any CPU
		{4B3A47EF-B747-4EE3-88B7-2A1C4719DBF6}.SingleImage|Any CPU.Build.0 = Release|Any CPU
		{4B3A47EF-B747-4EE3-88B7-2A1C4719DBF6}.SingleImage|Mixed Platforms.ActiveCfg = Release|Any CPU
		{4B3A47EF-B747-4EE3-88B7-2A1C4719DBF6}.SingleImage|Mixed Platforms.Build.0 = Release|Any CPU
		{4B3A47EF-B747-4EE3-88B7-2A1C4719DBF6}.SingleImage|x64.ActiveCfg = Release|Any CPU
		{4B3A47EF-B747-4EE3-88B7-2A1C4719DBF6}.SingleImage|x86.ActiveCfg = Release|Any CPU
	EndGlobalSection
	GlobalSection(SolutionProperties) = preSolution
		HideSolutionNode = FALSE
	EndGlobalSection
EndGlobal
